// !$*UTF8*$!
{
	archiveVersion = 1;
	classes = {
	};
	objectVersion = 55;
	objects = {

/* Begin PBXBuildFile section */
		F50DC1BF285758BF00689566 /* DemoView.swift in Sources */ = {isa = PBXBuildFile; fileRef = F50DC1BE285758BF00689566 /* DemoView.swift */; };
		F572E1F42847811600FC992D /* CustomRepeatDateSampleApp.swift in Sources */ = {isa = PBXBuildFile; fileRef = F572E1F32847811600FC992D /* CustomRepeatDateSampleApp.swift */; };
		F572E1F62847811600FC992D /* CustomRepeatDateView.swift in Sources */ = {isa = PBXBuildFile; fileRef = F572E1F52847811600FC992D /* CustomRepeatDateView.swift */; };
		F572E1F82847811700FC992D /* Assets.xcassets in Resources */ = {isa = PBXBuildFile; fileRef = F572E1F72847811700FC992D /* Assets.xcassets */; };
		F572E1FB2847811700FC992D /* Preview Assets.xcassets in Resources */ = {isa = PBXBuildFile; fileRef = F572E1FA2847811700FC992D /* Preview Assets.xcassets */; };
		F572E2052847819600FC992D /* PickerView.swift in Sources */ = {isa = PBXBuildFile; fileRef = F572E2042847819600FC992D /* PickerView.swift */; };
		F572E209284781D400FC992D /* Frequency.swift in Sources */ = {isa = PBXBuildFile; fileRef = F572E208284781D400FC992D /* Frequency.swift */; };
		F572E20E2847821400FC992D /* Weekday+Extension.swift in Sources */ = {isa = PBXBuildFile; fileRef = F572E20D2847821400FC992D /* Weekday+Extension.swift */; };
		F572E2102847822D00FC992D /* WeekdayOrdinal+Extension.swift in Sources */ = {isa = PBXBuildFile; fileRef = F572E20F2847822D00FC992D /* WeekdayOrdinal+Extension.swift */; };
		F572E212284789DB00FC992D /* CustomRepeatDateOption+Extension.swift in Sources */ = {isa = PBXBuildFile; fileRef = F572E211284789DB00FC992D /* CustomRepeatDateOption+Extension.swift */; };
		F58BAA3F286892EA007F6D20 /* Localizable.strings in Resources */ = {isa = PBXBuildFile; fileRef = F58BAA41286892EA007F6D20 /* Localizable.strings */; };
		F58BAA452868951A007F6D20 /* Localizable.stringsdict in Resources */ = {isa = PBXBuildFile; fileRef = F58BAA442868951A007F6D20 /* Localizable.stringsdict */; };
		F5D5CC8E284CC5A3004156D9 /* CustomRepeatDate in Frameworks */ = {isa = PBXBuildFile; productRef = F5D5CC8D284CC5A3004156D9 /* CustomRepeatDate */; };
/* End PBXBuildFile section */

/* Begin PBXFileReference section */
		F50DC1BE285758BF00689566 /* DemoView.swift */ = {isa = PBXFileReference; lastKnownFileType = sourcecode.swift; path = DemoView.swift; sourceTree = "<group>"; };
		F572E1F02847811600FC992D /* CustomRepeatDateSample.app */ = {isa = PBXFileReference; explicitFileType = wrapper.application; includeInIndex = 0; path = CustomRepeatDateSample.app; sourceTree = BUILT_PRODUCTS_DIR; };
		F572E1F32847811600FC992D /* CustomRepeatDateSampleApp.swift */ = {isa = PBXFileReference; lastKnownFileType = sourcecode.swift; path = CustomRepeatDateSampleApp.swift; sourceTree = "<group>"; };
		F572E1F52847811600FC992D /* CustomRepeatDateView.swift */ = {isa = PBXFileReference; lastKnownFileType = sourcecode.swift; path = CustomRepeatDateView.swift; sourceTree = "<group>"; };
		F572E1F72847811700FC992D /* Assets.xcassets */ = {isa = PBXFileReference; lastKnownFileType = folder.assetcatalog; path = Assets.xcassets; sourceTree = "<group>"; };
		F572E1FA2847811700FC992D /* Preview Assets.xcassets */ = {isa = PBXFileReference; lastKnownFileType = folder.assetcatalog; path = "Preview Assets.xcassets"; sourceTree = "<group>"; };
		F572E2042847819600FC992D /* PickerView.swift */ = {isa = PBXFileReference; lastKnownFileType = sourcecode.swift; path = PickerView.swift; sourceTree = "<group>"; };
		F572E208284781D400FC992D /* Frequency.swift */ = {isa = PBXFileReference; lastKnownFileType = sourcecode.swift; path = Frequency.swift; sourceTree = "<group>"; };
		F572E20D2847821400FC992D /* Weekday+Extension.swift */ = {isa = PBXFileReference; lastKnownFileType = sourcecode.swift; path = "Weekday+Extension.swift"; sourceTree = "<group>"; };
		F572E20F2847822D00FC992D /* WeekdayOrdinal+Extension.swift */ = {isa = PBXFileReference; lastKnownFileType = sourcecode.swift; path = "WeekdayOrdinal+Extension.swift"; sourceTree = "<group>"; };
		F572E211284789DB00FC992D /* CustomRepeatDateOption+Extension.swift */ = {isa = PBXFileReference; lastKnownFileType = sourcecode.swift; path = "CustomRepeatDateOption+Extension.swift"; sourceTree = "<group>"; };
		F572E2132848242400FC992D /* Info.plist */ = {isa = PBXFileReference; lastKnownFileType = text.plist; path = Info.plist; sourceTree = "<group>"; };
		F58BAA40286892EA007F6D20 /* en */ = {isa = PBXFileReference; lastKnownFileType = text.plist.strings; name = en; path = en.lproj/Localizable.strings; sourceTree = "<group>"; };
		F58BAA442868951A007F6D20 /* Localizable.stringsdict */ = {isa = PBXFileReference; lastKnownFileType = text.plist.stringsdict; path = Localizable.stringsdict; sourceTree = "<group>"; };
		F5D5CC8C284CC556004156D9 /* custom-repeat-date */ = {isa = PBXFileReference; lastKnownFileType = wrapper; name = "custom-repeat-date"; path = ../..; sourceTree = "<group>"; };
/* End PBXFileReference section */

/* Begin PBXFrameworksBuildPhase section */
		F572E1ED2847811600FC992D /* Frameworks */ = {
			isa = PBXFrameworksBuildPhase;
			buildActionMask = 2147483647;
			files = (
				F5D5CC8E284CC5A3004156D9 /* CustomRepeatDate in Frameworks */,
			);
			runOnlyForDeploymentPostprocessing = 0;
		};
/* End PBXFrameworksBuildPhase section */

/* Begin PBXGroup section */
		F572E1E72847811600FC992D = {
			isa = PBXGroup;
			children = (
				F5D5CC8B284CC556004156D9 /* Packages */,
				F572E1F22847811600FC992D /* CustomRepeatDateSample */,
				F572E1F12847811600FC992D /* Products */,
				F572E2142848244000FC992D /* Frameworks */,
			);
			sourceTree = "<group>";
		};
		F572E1F12847811600FC992D /* Products */ = {
			isa = PBXGroup;
			children = (
				F572E1F02847811600FC992D /* CustomRepeatDateSample.app */,
			);
			name = Products;
			sourceTree = "<group>";
		};
		F572E1F22847811600FC992D /* CustomRepeatDateSample */ = {
			isa = PBXGroup;
			children = (
				F572E1F32847811600FC992D /* CustomRepeatDateSampleApp.swift */,
				F572E206284781A900FC992D /* Views */,
				F572E207284781CA00FC992D /* Helpers */,
				F572E20C2847820600FC992D /* Extensions */,
				F5D5CC8F284CD90A004156D9 /* Resources */,
				F572E2132848242400FC992D /* Info.plist */,
				F572E1F92847811700FC992D /* Preview Content */,
			);
			path = CustomRepeatDateSample;
			sourceTree = "<group>";
		};
		F572E1F92847811700FC992D /* Preview Content */ = {
			isa = PBXGroup;
			children = (
				F572E1FA2847811700FC992D /* Preview Assets.xcassets */,
			);
			path = "Preview Content";
			sourceTree = "<group>";
		};
		F572E206284781A900FC992D /* Views */ = {
			isa = PBXGroup;
			children = (
				F572E1F52847811600FC992D /* CustomRepeatDateView.swift */,
				F50DC1BE285758BF00689566 /* DemoView.swift */,
				F572E2042847819600FC992D /* PickerView.swift */,
			);
			path = Views;
			sourceTree = "<group>";
		};
		F572E207284781CA00FC992D /* Helpers */ = {
			isa = PBXGroup;
			children = (
				F572E208284781D400FC992D /* Frequency.swift */,
			);
			path = Helpers;
			sourceTree = "<group>";
		};
		F572E20C2847820600FC992D /* Extensions */ = {
			isa = PBXGroup;
			children = (
				F572E20D2847821400FC992D /* Weekday+Extension.swift */,
				F572E20F2847822D00FC992D /* WeekdayOrdinal+Extension.swift */,
				F572E211284789DB00FC992D /* CustomRepeatDateOption+Extension.swift */,
			);
			path = Extensions;
			sourceTree = "<group>";
		};
		F572E2142848244000FC992D /* Frameworks */ = {
			isa = PBXGroup;
			children = (
			);
			name = Frameworks;
			sourceTree = "<group>";
		};
		F5D5CC8B284CC556004156D9 /* Packages */ = {
			isa = PBXGroup;
			children = (
				F5D5CC8C284CC556004156D9 /* custom-repeat-date */,
			);
			name = Packages;
			sourceTree = "<group>";
		};
		F5D5CC8F284CD90A004156D9 /* Resources */ = {
			isa = PBXGroup;
			children = (
				F572E1F72847811700FC992D /* Assets.xcassets */,
				F58BAA41286892EA007F6D20 /* Localizable.strings */,
				F58BAA442868951A007F6D20 /* Localizable.stringsdict */,
			);
			path = Resources;
			sourceTree = "<group>";
		};
/* End PBXGroup section */

/* Begin PBXNativeTarget section */
		F572E1EF2847811600FC992D /* CustomRepeatDateSample */ = {
			isa = PBXNativeTarget;
			buildConfigurationList = F572E1FE2847811700FC992D /* Build configuration list for PBXNativeTarget "CustomRepeatDateSample" */;
			buildPhases = (
				F572E1EC2847811600FC992D /* Sources */,
				F572E1ED2847811600FC992D /* Frameworks */,
				F572E1EE2847811600FC992D /* Resources */,
			);
			buildRules = (
			);
			dependencies = (
			);
			name = CustomRepeatDateSample;
			packageProductDependencies = (
				F5D5CC8D284CC5A3004156D9 /* CustomRepeatDate */,
			);
			productName = CustomRepeatDateSample;
			productReference = F572E1F02847811600FC992D /* CustomRepeatDateSample.app */;
			productType = "com.apple.product-type.application";
		};
/* End PBXNativeTarget section */

/* Begin PBXProject section */
		F572E1E82847811600FC992D /* Project object */ = {
			isa = PBXProject;
			attributes = {
				BuildIndependentTargetsInParallel = 1;
				LastSwiftUpdateCheck = 1340;
				LastUpgradeCheck = 1600;
				TargetAttributes = {
					F572E1EF2847811600FC992D = {
						CreatedOnToolsVersion = 13.4;
					};
				};
			};
			buildConfigurationList = F572E1EB2847811600FC992D /* Build configuration list for PBXProject "CustomRepeatDateSample" */;
			compatibilityVersion = "Xcode 13.0";
			developmentRegion = en;
			hasScannedForEncodings = 0;
			knownRegions = (
				en,
				Base,
			);
			mainGroup = F572E1E72847811600FC992D;
			packageReferences = (
			);
			productRefGroup = F572E1F12847811600FC992D /* Products */;
			projectDirPath = "";
			projectRoot = "";
			targets = (
				F572E1EF2847811600FC992D /* CustomRepeatDateSample */,
			);
		};
/* End PBXProject section */

/* Begin PBXResourcesBuildPhase section */
		F572E1EE2847811600FC992D /* Resources */ = {
			isa = PBXResourcesBuildPhase;
			buildActionMask = 2147483647;
			files = (
				F572E1FB2847811700FC992D /* Preview Assets.xcassets in Resources */,
				F58BAA452868951A007F6D20 /* Localizable.stringsdict in Resources */,
				F58BAA3F286892EA007F6D20 /* Localizable.strings in Resources */,
				F572E1F82847811700FC992D /* Assets.xcassets in Resources */,
			);
			runOnlyForDeploymentPostprocessing = 0;
		};
/* End PBXResourcesBuildPhase section */

/* Begin PBXSourcesBuildPhase section */
		F572E1EC2847811600FC992D /* Sources */ = {
			isa = PBXSourcesBuildPhase;
			buildActionMask = 2147483647;
			files = (
				F572E20E2847821400FC992D /* Weekday+Extension.swift in Sources */,
				F50DC1BF285758BF00689566 /* DemoView.swift in Sources */,
				F572E209284781D400FC992D /* Frequency.swift in Sources */,
				F572E2102847822D00FC992D /* WeekdayOrdinal+Extension.swift in Sources */,
				F572E1F62847811600FC992D /* CustomRepeatDateView.swift in Sources */,
				F572E212284789DB00FC992D /* CustomRepeatDateOption+Extension.swift in Sources */,
				F572E1F42847811600FC992D /* CustomRepeatDateSampleApp.swift in Sources */,
				F572E2052847819600FC992D /* PickerView.swift in Sources */,
			);
			runOnlyForDeploymentPostprocessing = 0;
		};
/* End PBXSourcesBuildPhase section */

/* Begin PBXVariantGroup section */
		F58BAA41286892EA007F6D20 /* Localizable.strings */ = {
			isa = PBXVariantGroup;
			children = (
				F58BAA40286892EA007F6D20 /* en */,
			);
			name = Localizable.strings;
			sourceTree = "<group>";
		};
/* End PBXVariantGroup section */

/* Begin XCBuildConfiguration section */
		F572E1FC2847811700FC992D /* Debug */ = {
			isa = XCBuildConfiguration;
			buildSettings = {
				ALWAYS_SEARCH_USER_PATHS = NO;
				CLANG_ANALYZER_LOCALIZABILITY_NONLOCALIZED = YES;
				CLANG_ANALYZER_NONNULL = YES;
				CLANG_ANALYZER_NUMBER_OBJECT_CONVERSION = YES_AGGRESSIVE;
				CLANG_CXX_LANGUAGE_STANDARD = "gnu++17";
				CLANG_ENABLE_MODULES = YES;
				CLANG_ENABLE_OBJC_ARC = YES;
				CLANG_ENABLE_OBJC_WEAK = YES;
				CLANG_WARN_BLOCK_CAPTURE_AUTORELEASING = YES;
				CLANG_WARN_BOOL_CONVERSION = YES;
				CLANG_WARN_COMMA = YES;
				CLANG_WARN_CONSTANT_CONVERSION = YES;
				CLANG_WARN_DEPRECATED_OBJC_IMPLEMENTATIONS = YES;
				CLANG_WARN_DIRECT_OBJC_ISA_USAGE = YES_ERROR;
				CLANG_WARN_DOCUMENTATION_COMMENTS = YES;
				CLANG_WARN_EMPTY_BODY = YES;
				CLANG_WARN_ENUM_CONVERSION = YES;
				CLANG_WARN_INFINITE_RECURSION = YES;
				CLANG_WARN_INT_CONVERSION = YES;
				CLANG_WARN_NON_LITERAL_NULL_CONVERSION = YES;
				CLANG_WARN_OBJC_IMPLICIT_RETAIN_SELF = YES;
				CLANG_WARN_OBJC_LITERAL_CONVERSION = YES;
				CLANG_WARN_OBJC_ROOT_CLASS = YES_ERROR;
				CLANG_WARN_QUOTED_INCLUDE_IN_FRAMEWORK_HEADER = YES;
				CLANG_WARN_RANGE_LOOP_ANALYSIS = YES;
				CLANG_WARN_STRICT_PROTOTYPES = YES;
				CLANG_WARN_SUSPICIOUS_MOVE = YES;
				CLANG_WARN_UNGUARDED_AVAILABILITY = YES_AGGRESSIVE;
				CLANG_WARN_UNREACHABLE_CODE = YES;
				CLANG_WARN__DUPLICATE_METHOD_MATCH = YES;
				COPY_PHASE_STRIP = NO;
				DEBUG_INFORMATION_FORMAT = dwarf;
				ENABLE_STRICT_OBJC_MSGSEND = YES;
				ENABLE_TESTABILITY = YES;
				ENABLE_USER_SCRIPT_SANDBOXING = YES;
				GCC_C_LANGUAGE_STANDARD = gnu11;
				GCC_DYNAMIC_NO_PIC = NO;
				GCC_NO_COMMON_BLOCKS = YES;
				GCC_OPTIMIZATION_LEVEL = 0;
				GCC_PREPROCESSOR_DEFINITIONS = (
					"DEBUG=1",
					"$(inherited)",
				);
				GCC_WARN_64_TO_32_BIT_CONVERSION = YES;
				GCC_WARN_ABOUT_RETURN_TYPE = YES_ERROR;
				GCC_WARN_UNDECLARED_SELECTOR = YES;
				GCC_WARN_UNINITIALIZED_AUTOS = YES_AGGRESSIVE;
				GCC_WARN_UNUSED_FUNCTION = YES;
				GCC_WARN_UNUSED_VARIABLE = YES;
				IPHONEOS_DEPLOYMENT_TARGET = 15.0;
				MTL_ENABLE_DEBUG_INFO = INCLUDE_SOURCE;
				MTL_FAST_MATH = YES;
				ONLY_ACTIVE_ARCH = YES;
				SDKROOT = iphoneos;
				SWIFT_ACTIVE_COMPILATION_CONDITIONS = DEBUG;
				SWIFT_OPTIMIZATION_LEVEL = "-Onone";
			};
			name = Debug;
		};
		F572E1FD2847811700FC992D /* Release */ = {
			isa = XCBuildConfiguration;
			buildSettings = {
				ALWAYS_SEARCH_USER_PATHS = NO;
				CLANG_ANALYZER_LOCALIZABILITY_NONLOCALIZED = YES;
				CLANG_ANALYZER_NONNULL = YES;
				CLANG_ANALYZER_NUMBER_OBJECT_CONVERSION = YES_AGGRESSIVE;
				CLANG_CXX_LANGUAGE_STANDARD = "gnu++17";
				CLANG_ENABLE_MODULES = YES;
				CLANG_ENABLE_OBJC_ARC = YES;
				CLANG_ENABLE_OBJC_WEAK = YES;
				CLANG_WARN_BLOCK_CAPTURE_AUTORELEASING = YES;
				CLANG_WARN_BOOL_CONVERSION = YES;
				CLANG_WARN_COMMA = YES;
				CLANG_WARN_CONSTANT_CONVERSION = YES;
				CLANG_WARN_DEPRECATED_OBJC_IMPLEMENTATIONS = YES;
				CLANG_WARN_DIRECT_OBJC_ISA_USAGE = YES_ERROR;
				CLANG_WARN_DOCUMENTATION_COMMENTS = YES;
				CLANG_WARN_EMPTY_BODY = YES;
				CLANG_WARN_ENUM_CONVERSION = YES;
				CLANG_WARN_INFINITE_RECURSION = YES;
				CLANG_WARN_INT_CONVERSION = YES;
				CLANG_WARN_NON_LITERAL_NULL_CONVERSION = YES;
				CLANG_WARN_OBJC_IMPLICIT_RETAIN_SELF = YES;
				CLANG_WARN_OBJC_LITERAL_CONVERSION = YES;
				CLANG_WARN_OBJC_ROOT_CLASS = YES_ERROR;
				CLANG_WARN_QUOTED_INCLUDE_IN_FRAMEWORK_HEADER = YES;
				CLANG_WARN_RANGE_LOOP_ANALYSIS = YES;
				CLANG_WARN_STRICT_PROTOTYPES = YES;
				CLANG_WARN_SUSPICIOUS_MOVE = YES;
				CLANG_WARN_UNGUARDED_AVAILABILITY = YES_AGGRESSIVE;
				CLANG_WARN_UNREACHABLE_CODE = YES;
				CLANG_WARN__DUPLICATE_METHOD_MATCH = YES;
				COPY_PHASE_STRIP = NO;
				DEBUG_INFORMATION_FORMAT = "dwarf-with-dsym";
				ENABLE_NS_ASSERTIONS = NO;
				ENABLE_STRICT_OBJC_MSGSEND = YES;
				ENABLE_USER_SCRIPT_SANDBOXING = YES;
				GCC_C_LANGUAGE_STANDARD = gnu11;
				GCC_NO_COMMON_BLOCKS = YES;
				GCC_WARN_64_TO_32_BIT_CONVERSION = YES;
				GCC_WARN_ABOUT_RETURN_TYPE = YES_ERROR;
				GCC_WARN_UNDECLARED_SELECTOR = YES;
				GCC_WARN_UNINITIALIZED_AUTOS = YES_AGGRESSIVE;
				GCC_WARN_UNUSED_FUNCTION = YES;
				GCC_WARN_UNUSED_VARIABLE = YES;
				IPHONEOS_DEPLOYMENT_TARGET = 15.0;
				MTL_ENABLE_DEBUG_INFO = NO;
				MTL_FAST_MATH = YES;
				SDKROOT = iphoneos;
				SWIFT_COMPILATION_MODE = wholemodule;
				SWIFT_OPTIMIZATION_LEVEL = "-O";
				VALIDATE_PRODUCT = YES;
			};
			name = Release;
		};
		F572E1FF2847811700FC992D /* Debug */ = {
			isa = XCBuildConfiguration;
			buildSettings = {
				ASSETCATALOG_COMPILER_APPICON_NAME = AppIcon;
				ASSETCATALOG_COMPILER_GLOBAL_ACCENT_COLOR_NAME = AccentColor;
				CODE_SIGN_STYLE = Automatic;
				CURRENT_PROJECT_VERSION = 1;
				DEVELOPMENT_ASSET_PATHS = "\"CustomRepeatDateSample/Preview Content\"";
				DEVELOPMENT_TEAM = XEGA796Y2X;
				ENABLE_PREVIEWS = YES;
				GENERATE_INFOPLIST_FILE = YES;
				INFOPLIST_FILE = CustomRepeatDateSample/Info.plist;
				INFOPLIST_KEY_UIApplicationSceneManifest_Generation = YES;
				INFOPLIST_KEY_UIApplicationSupportsIndirectInputEvents = YES;
				INFOPLIST_KEY_UILaunchScreen_Generation = YES;
				INFOPLIST_KEY_UISupportedInterfaceOrientations_iPad = "UIInterfaceOrientationPortrait UIInterfaceOrientationPortraitUpsideDown UIInterfaceOrientationLandscapeLeft UIInterfaceOrientationLandscapeRight";
				INFOPLIST_KEY_UISupportedInterfaceOrientations_iPhone = "UIInterfaceOrientationPortrait UIInterfaceOrientationLandscapeLeft UIInterfaceOrientationLandscapeRight";
				LD_RUNPATH_SEARCH_PATHS = (
					"$(inherited)",
					"@executable_path/Frameworks",
				);
				MARKETING_VERSION = 1.0.0;
				PRODUCT_BUNDLE_IDENTIFIER = com.pixyzehn.CustomRepeatDateSample;
				PRODUCT_NAME = "$(TARGET_NAME)";
				SWIFT_EMIT_LOC_STRINGS = YES;
				SWIFT_VERSION = 5.0;
				TARGETED_DEVICE_FAMILY = "1,2";
			};
			name = Debug;
		};
		F572E2002847811700FC992D /* Release */ = {
			isa = XCBuildConfiguration;
			buildSettings = {
				ASSETCATALOG_COMPILER_APPICON_NAME = AppIcon;
				ASSETCATALOG_COMPILER_GLOBAL_ACCENT_COLOR_NAME = AccentColor;
				CODE_SIGN_STYLE = Automatic;
				CURRENT_PROJECT_VERSION = 1;
				DEVELOPMENT_ASSET_PATHS = "\"CustomRepeatDateSample/Preview Content\"";
				DEVELOPMENT_TEAM = XEGA796Y2X;
				ENABLE_PREVIEWS = YES;
				GENERATE_INFOPLIST_FILE = YES;
				INFOPLIST_FILE = CustomRepeatDateSample/Info.plist;
				INFOPLIST_KEY_UIApplicationSceneManifest_Generation = YES;
				INFOPLIST_KEY_UIApplicationSupportsIndirectInputEvents = YES;
				INFOPLIST_KEY_UILaunchScreen_Generation = YES;
				INFOPLIST_KEY_UISupportedInterfaceOrientations_iPad = "UIInterfaceOrientationPortrait UIInterfaceOrientationPortraitUpsideDown UIInterfaceOrientationLandscapeLeft UIInterfaceOrientationLandscapeRight";
				INFOPLIST_KEY_UISupportedInterfaceOrientations_iPhone = "UIInterfaceOrientationPortrait UIInterfaceOrientationLandscapeLeft UIInterfaceOrientationLandscapeRight";
				LD_RUNPATH_SEARCH_PATHS = (
					"$(inherited)",
					"@executable_path/Frameworks",
				);
				MARKETING_VERSION = 1.0.0;
				PRODUCT_BUNDLE_IDENTIFIER = com.pixyzehn.CustomRepeatDateSample;
				PRODUCT_NAME = "$(TARGET_NAME)";
				SWIFT_EMIT_LOC_STRINGS = YES;
				SWIFT_VERSION = 5.0;
				TARGETED_DEVICE_FAMILY = "1,2";
			};
			name = Release;
		};
/* End XCBuildConfiguration section */

/* Begin XCConfigurationList section */
		F572E1EB2847811600FC992D /* Build configuration list for PBXProject "CustomRepeatDateSample" */ = {
			isa = XCConfigurationList;
			buildConfigurations = (
				F572E1FC2847811700FC992D /* Debug */,
				F572E1FD2847811700FC992D /* Release */,
			);
			defaultConfigurationIsVisible = 0;
			defaultConfigurationName = Release;
		};
		F572E1FE2847811700FC992D /* Build configuration list for PBXNativeTarget "CustomRepeatDateSample" */ = {
			isa = XCConfigurationList;
			buildConfigurations = (
				F572E1FF2847811700FC992D /* Debug */,
				F572E2002847811700FC992D /* Release */,
			);
			defaultConfigurationIsVisible = 0;
			defaultConfigurationName = Release;
		};
/* End XCConfigurationList section */

/* Begin XCSwiftPackageProductDependency section */
		F5D5CC8D284CC5A3004156D9 /* CustomRepeatDate */ = {
			isa = XCSwiftPackageProductDependency;
			productName = CustomRepeatDate;
		};
/* End XCSwiftPackageProductDependency section */
	};
	rootObject = F572E1E82847811600FC992D /* Project object */;
}
